{
  "requires": true,
  "lockfileVersion": 1,
  "dependencies": {
    "@massimo-cassandro/symfony-bootstrap-form-theme": {
      "version": "3.0.2",
      "resolved": "https://registry.npmjs.org/@massimo-cassandro/symfony-bootstrap-form-theme/-/symfony-bootstrap-form-theme-3.0.2.tgz",
      "integrity": "sha512-wslwAzYLg7SxWoApmdBi7pghvHT58likYQ4exSrBIIWYXYFVOKlZRsCsz4ALHqg0wDEQAkrnGz8Gu+ZzyJTTEQ=="
    },
    "bootstrap": {
      "version": "5.2.2",
      "resolved": "https://registry.npmjs.org/bootstrap/-/bootstrap-5.2.2.tgz",
      "integrity": "sha512-dEtzMTV71n6Fhmbg4fYJzQsw1N29hJKO1js5ackCgIpDcGid2ETMGC6zwSYw09v05Y+oRdQ9loC54zB1La3hHQ==",
      "dev": true
    }
  }
}
